
Microsoft Visual Studio Solution File, Format Version 12.00
# Visual Studio Version 16
VisualStudioVersion = 16.0.31112.23
MinimumVisualStudioVersion = 10.0.40219.1
Project("{8BC9CEB8-8B4A-11D0-8D11-00A0C91BC942}") = "BinaryTree", "BinaryTree\BinaryTree.vcxproj", "{45E0CD9C-B8A4-4569-AB99-AD6AFAC95490}"
EndProject
Project("{8BC9CEB8-8B4A-11D0-8D11-00A0C91BC942}") = "Binoms", "Binoms\Binoms.vcxproj", "{7997ED4A-905D-4A25-B74F-D63CFAC8D654}"
EndProject
Project("{8BC9CEB8-8B4A-11D0-8D11-00A0C91BC942}") = "BoyerMoore", "BoyerMoore\BoyerMoore.vcxproj", "{79A7D580-0137-443C-AEE7-CC3C83FA2CD0}"
EndProject
Project("{8BC9CEB8-8B4A-11D0-8D11-00A0C91BC942}") = "Calculator", "Calculator\Calculator.vcxproj", "{062D4A04-ED22-4A51-9E45-7F73997F8A5A}"
EndProject
Project("{8BC9CEB8-8B4A-11D0-8D11-00A0C91BC942}") = "CountSys", "CountSys\CountSys.vcxproj", "{60475724-B434-44DC-82A2-5FC282EFDB08}"
EndProject
Project("{8BC9CEB8-8B4A-11D0-8D11-00A0C91BC942}") = "FileSorting", "FileSorting\FileSorting.vcxproj", "{A19E3E20-DDBE-4DEC-A895-1EF5E3921FB1}"
EndProject
Project("{8BC9CEB8-8B4A-11D0-8D11-00A0C91BC942}") = "LinkedList", "LinkedList\LinkedList.vcxproj", "{D1FF6B23-2146-4E98-91C5-5D322E2577A5}"
EndProject
Project("{8BC9CEB8-8B4A-11D0-8D11-00A0C91BC942}") = "MST", "MST\MST.vcxproj", "{67CD8B9C-62AC-429F-9A1C-B485C218AF32}"
EndProject
Project("{8BC9CEB8-8B4A-11D0-8D11-00A0C91BC942}") = "NumSum", "NumSum\NumSum.vcxproj", "{E0B6A575-B3D9-42FD-B696-702D57203478}"
EndProject
Project("{8BC9CEB8-8B4A-11D0-8D11-00A0C91BC942}") = "PascalTriangle", "PascalTriangle\PascalTriangle.vcxproj", "{B8513538-9164-407A-AAD8-9A5727DDFEA7}"
EndProject
Project("{8BC9CEB8-8B4A-11D0-8D11-00A0C91BC942}") = "Pyramid", "Pyramid\Pyramid.vcxproj", "{D6137C32-C80E-4F4A-98E4-6E40A65FA8FF}"
EndProject
Project("{8BC9CEB8-8B4A-11D0-8D11-00A0C91BC942}") = "SimpleNums", "SimpleNums\SimpleNums.vcxproj", "{3E3291AF-D7C1-458E-AA5D-E176CBE3B67D}"
EndProject
Project("{8BC9CEB8-8B4A-11D0-8D11-00A0C91BC942}") = "Sorting", "Sorting\Sorting.vcxproj", "{EA34B501-E6B5-45D3-B233-9BB507FE16B9}"
EndProject
Project("{8BC9CEB8-8B4A-11D0-8D11-00A0C91BC942}") = "Teams", "Teams\Teams.vcxproj", "{A815B5B7-BBF4-4DC9-9388-D12AB01ECE20}"
EndProject
Project("{8BC9CEB8-8B4A-11D0-8D11-00A0C91BC942}") = "TopSort", "TopSort\TopSort.vcxproj", "{4F1B6CD6-159D-4963-AA1C-03220F91DC8C}"
EndProject
Project("{8BC9CEB8-8B4A-11D0-8D11-00A0C91BC942}") = "Dijkstra", "Dijkstra\Dijkstra.vcxproj", "{DC615801-AB34-4A60-8178-BDC9A72998BF}"
EndProject
Project("{8BC9CEB8-8B4A-11D0-8D11-00A0C91BC942}") = "Replace", "Replace\Replace.vcxproj", "{4895763B-755F-49C4-A1A9-EC8B92DCDC98}"
EndProject
Project("{8BC9CEB8-8B4A-11D0-8D11-00A0C91BC942}") = "Maze", "Maze\Maze.vcxproj", "{7A1903A9-EBDE-4B84-80C6-99226B33C29D}"
EndProject
Global
	GlobalSection(SolutionConfigurationPlatforms) = preSolution
		Debug|x64 = Debug|x64
		Debug|x86 = Debug|x86
		Release|x64 = Release|x64
		Release|x86 = Release|x86
	EndGlobalSection
	GlobalSection(ProjectConfigurationPlatforms) = postSolution
		{45E0CD9C-B8A4-4569-AB99-AD6AFAC95490}.Debug|x64.ActiveCfg = Debug|x64
		{45E0CD9C-B8A4-4569-AB99-AD6AFAC95490}.Debug|x64.Build.0 = Debug|x64
		{45E0CD9C-B8A4-4569-AB99-AD6AFAC95490}.Debug|x86.ActiveCfg = Debug|Win32
		{45E0CD9C-B8A4-4569-AB99-AD6AFAC95490}.Debug|x86.Build.0 = Debug|Win32
		{45E0CD9C-B8A4-4569-AB99-AD6AFAC95490}.Release|x64.ActiveCfg = Release|x64
		{45E0CD9C-B8A4-4569-AB99-AD6AFAC95490}.Release|x64.Build.0 = Release|x64
		{45E0CD9C-B8A4-4569-AB99-AD6AFAC95490}.Release|x86.ActiveCfg = Release|Win32
		{45E0CD9C-B8A4-4569-AB99-AD6AFAC95490}.Release|x86.Build.0 = Release|Win32
		{7997ED4A-905D-4A25-B74F-D63CFAC8D654}.Debug|x64.ActiveCfg = Debug|x64
		{7997ED4A-905D-4A25-B74F-D63CFAC8D654}.Debug|x64.Build.0 = Debug|x64
		{7997ED4A-905D-4A25-B74F-D63CFAC8D654}.Debug|x86.ActiveCfg = Debug|Win32
		{7997ED4A-905D-4A25-B74F-D63CFAC8D654}.Debug|x86.Build.0 = Debug|Win32
		{7997ED4A-905D-4A25-B74F-D63CFAC8D654}.Release|x64.ActiveCfg = Release|x64
		{7997ED4A-905D-4A25-B74F-D63CFAC8D654}.Release|x64.Build.0 = Release|x64
		{7997ED4A-905D-4A25-B74F-D63CFAC8D654}.Release|x86.ActiveCfg = Release|Win32
		{7997ED4A-905D-4A25-B74F-D63CFAC8D654}.Release|x86.Build.0 = Release|Win32
		{79A7D580-0137-443C-AEE7-CC3C83FA2CD0}.Debug|x64.ActiveCfg = Debug|x64
		{79A7D580-0137-443C-AEE7-CC3C83FA2CD0}.Debug|x64.Build.0 = Debug|x64
		{79A7D580-0137-443C-AEE7-CC3C83FA2CD0}.Debug|x86.ActiveCfg = Debug|Win32
		{79A7D580-0137-443C-AEE7-CC3C83FA2CD0}.Debug|x86.Build.0 = Debug|Win32
		{79A7D580-0137-443C-AEE7-CC3C83FA2CD0}.Release|x64.ActiveCfg = Release|x64
		{79A7D580-0137-443C-AEE7-CC3C83FA2CD0}.Release|x64.Build.0 = Release|x64
		{79A7D580-0137-443C-AEE7-CC3C83FA2CD0}.Release|x86.ActiveCfg = Release|Win32
		{79A7D580-0137-443C-AEE7-CC3C83FA2CD0}.Release|x86.Build.0 = Release|Win32
		{062D4A04-ED22-4A51-9E45-7F73997F8A5A}.Debug|x64.ActiveCfg = Debug|x64
		{062D4A04-ED22-4A51-9E45-7F73997F8A5A}.Debug|x64.Build.0 = Debug|x64
		{062D4A04-ED22-4A51-9E45-7F73997F8A5A}.Debug|x86.ActiveCfg = Debug|Win32
		{062D4A04-ED22-4A51-9E45-7F73997F8A5A}.Debug|x86.Build.0 = Debug|Win32
		{062D4A04-ED22-4A51-9E45-7F73997F8A5A}.Release|x64.ActiveCfg = Release|x64
		{062D4A04-ED22-4A51-9E45-7F73997F8A5A}.Release|x64.Build.0 = Release|x64
		{062D4A04-ED22-4A51-9E45-7F73997F8A5A}.Release|x86.ActiveCfg = Release|Win32
		{062D4A04-ED22-4A51-9E45-7F73997F8A5A}.Release|x86.Build.0 = Release|Win32
		{60475724-B434-44DC-82A2-5FC282EFDB08}.Debug|x64.ActiveCfg = Debug|x64
		{60475724-B434-44DC-82A2-5FC282EFDB08}.Debug|x64.Build.0 = Debug|x64
		{60475724-B434-44DC-82A2-5FC282EFDB08}.Debug|x86.ActiveCfg = Debug|Win32
		{60475724-B434-44DC-82A2-5FC282EFDB08}.Debug|x86.Build.0 = Debug|Win32
		{60475724-B434-44DC-82A2-5FC282EFDB08}.Release|x64.ActiveCfg = Release|x64
		{60475724-B434-44DC-82A2-5FC282EFDB08}.Release|x64.Build.0 = Release|x64
		{60475724-B434-44DC-82A2-5FC282EFDB08}.Release|x86.ActiveCfg = Release|Win32
		{60475724-B434-44DC-82A2-5FC282EFDB08}.Release|x86.Build.0 = Release|Win32
		{A19E3E20-DDBE-4DEC-A895-1EF5E3921FB1}.Debug|x64.ActiveCfg = Debug|x64
		{A19E3E20-DDBE-4DEC-A895-1EF5E3921FB1}.Debug|x64.Build.0 = Debug|x64
		{A19E3E20-DDBE-4DEC-A895-1EF5E3921FB1}.Debug|x86.ActiveCfg = Debug|Win32
		{A19E3E20-DDBE-4DEC-A895-1EF5E3921FB1}.Debug|x86.Build.0 = Debug|Win32
		{A19E3E20-DDBE-4DEC-A895-1EF5E3921FB1}.Release|x64.ActiveCfg = Release|x64
		{A19E3E20-DDBE-4DEC-A895-1EF5E3921FB1}.Release|x64.Build.0 = Release|x64
		{A19E3E20-DDBE-4DEC-A895-1EF5E3921FB1}.Release|x86.ActiveCfg = Release|Win32
		{A19E3E20-DDBE-4DEC-A895-1EF5E3921FB1}.Release|x86.Build.0 = Release|Win32
		{D1FF6B23-2146-4E98-91C5-5D322E2577A5}.Debug|x64.ActiveCfg = Debug|x64
		{D1FF6B23-2146-4E98-91C5-5D322E2577A5}.Debug|x64.Build.0 = Debug|x64
		{D1FF6B23-2146-4E98-91C5-5D322E2577A5}.Debug|x86.ActiveCfg = Debug|Win32
		{D1FF6B23-2146-4E98-91C5-5D322E2577A5}.Debug|x86.Build.0 = Debug|Win32
		{D1FF6B23-2146-4E98-91C5-5D322E2577A5}.Release|x64.ActiveCfg = Release|x64
		{D1FF6B23-2146-4E98-91C5-5D322E2577A5}.Release|x64.Build.0 = Release|x64
		{D1FF6B23-2146-4E98-91C5-5D322E2577A5}.Release|x86.ActiveCfg = Release|Win32
		{D1FF6B23-2146-4E98-91C5-5D322E2577A5}.Release|x86.Build.0 = Release|Win32
		{67CD8B9C-62AC-429F-9A1C-B485C218AF32}.Debug|x64.ActiveCfg = Debug|x64
		{67CD8B9C-62AC-429F-9A1C-B485C218AF32}.Debug|x64.Build.0 = Debug|x64
		{67CD8B9C-62AC-429F-9A1C-B485C218AF32}.Debug|x86.ActiveCfg = Debug|Win32
		{67CD8B9C-62AC-429F-9A1C-B485C218AF32}.Debug|x86.Build.0 = Debug|Win32
		{67CD8B9C-62AC-429F-9A1C-B485C218AF32}.Release|x64.ActiveCfg = Release|x64
		{67CD8B9C-62AC-429F-9A1C-B485C218AF32}.Release|x64.Build.0 = Release|x64
		{67CD8B9C-62AC-429F-9A1C-B485C218AF32}.Release|x86.ActiveCfg = Release|Win32
		{67CD8B9C-62AC-429F-9A1C-B485C218AF32}.Release|x86.Build.0 = Release|Win32
		{E0B6A575-B3D9-42FD-B696-702D57203478}.Debug|x64.ActiveCfg = Debug|x64
		{E0B6A575-B3D9-42FD-B696-702D57203478}.Debug|x64.Build.0 = Debug|x64
		{E0B6A575-B3D9-42FD-B696-702D57203478}.Debug|x86.ActiveCfg = Debug|Win32
		{E0B6A575-B3D9-42FD-B696-702D57203478}.Debug|x86.Build.0 = Debug|Win32
		{E0B6A575-B3D9-42FD-B696-702D57203478}.Release|x64.ActiveCfg = Release|x64
		{E0B6A575-B3D9-42FD-B696-702D57203478}.Release|x64.Build.0 = Release|x64
		{E0B6A575-B3D9-42FD-B696-702D57203478}.Release|x86.ActiveCfg = Release|Win32
		{E0B6A575-B3D9-42FD-B696-702D57203478}.Release|x86.Build.0 = Release|Win32
		{B8513538-9164-407A-AAD8-9A5727DDFEA7}.Debug|x64.ActiveCfg = Debug|x64
		{B8513538-9164-407A-AAD8-9A5727DDFEA7}.Debug|x64.Build.0 = Debug|x64
		{B8513538-9164-407A-AAD8-9A5727DDFEA7}.Debug|x86.ActiveCfg = Debug|Win32
		{B8513538-9164-407A-AAD8-9A5727DDFEA7}.Debug|x86.Build.0 = Debug|Win32
		{B8513538-9164-407A-AAD8-9A5727DDFEA7}.Release|x64.ActiveCfg = Release|x64
		{B8513538-9164-407A-AAD8-9A5727DDFEA7}.Release|x64.Build.0 = Release|x64
		{B8513538-9164-407A-AAD8-9A5727DDFEA7}.Release|x86.ActiveCfg = Release|Win32
		{B8513538-9164-407A-AAD8-9A5727DDFEA7}.Release|x86.Build.0 = Release|Win32
		{D6137C32-C80E-4F4A-98E4-6E40A65FA8FF}.Debug|x64.ActiveCfg = Debug|x64
		{D6137C32-C80E-4F4A-98E4-6E40A65FA8FF}.Debug|x64.Build.0 = Debug|x64
		{D6137C32-C80E-4F4A-98E4-6E40A65FA8FF}.Debug|x86.ActiveCfg = Debug|Win32
		{D6137C32-C80E-4F4A-98E4-6E40A65FA8FF}.Debug|x86.Build.0 = Debug|Win32
		{D6137C32-C80E-4F4A-98E4-6E40A65FA8FF}.Release|x64.ActiveCfg = Release|x64
		{D6137C32-C80E-4F4A-98E4-6E40A65FA8FF}.Release|x64.Build.0 = Release|x64
		{D6137C32-C80E-4F4A-98E4-6E40A65FA8FF}.Release|x86.ActiveCfg = Release|Win32
		{D6137C32-C80E-4F4A-98E4-6E40A65FA8FF}.Release|x86.Build.0 = Release|Win32
		{3E3291AF-D7C1-458E-AA5D-E176CBE3B67D}.Debug|x64.ActiveCfg = Debug|x64
		{3E3291AF-D7C1-458E-AA5D-E176CBE3B67D}.Debug|x64.Build.0 = Debug|x64
		{3E3291AF-D7C1-458E-AA5D-E176CBE3B67D}.Debug|x86.ActiveCfg = Debug|Win32
		{3E3291AF-D7C1-458E-AA5D-E176CBE3B67D}.Debug|x86.Build.0 = Debug|Win32
		{3E3291AF-D7C1-458E-AA5D-E176CBE3B67D}.Release|x64.ActiveCfg = Release|x64
		{3E3291AF-D7C1-458E-AA5D-E176CBE3B67D}.Release|x64.Build.0 = Release|x64
		{3E3291AF-D7C1-458E-AA5D-E176CBE3B67D}.Release|x86.ActiveCfg = Release|Win32
		{3E3291AF-D7C1-458E-AA5D-E176CBE3B67D}.Release|x86.Build.0 = Release|Win32
		{EA34B501-E6B5-45D3-B233-9BB507FE16B9}.Debug|x64.ActiveCfg = Debug|x64
		{EA34B501-E6B5-45D3-B233-9BB507FE16B9}.Debug|x64.Build.0 = Debug|x64
		{EA34B501-E6B5-45D3-B233-9BB507FE16B9}.Debug|x86.ActiveCfg = Debug|Win32
		{EA34B501-E6B5-45D3-B233-9BB507FE16B9}.Debug|x86.Build.0 = Debug|Win32
		{EA34B501-E6B5-45D3-B233-9BB507FE16B9}.Release|x64.ActiveCfg = Release|x64
		{EA34B501-E6B5-45D3-B233-9BB507FE16B9}.Release|x64.Build.0 = Release|x64
		{EA34B501-E6B5-45D3-B233-9BB507FE16B9}.Release|x86.ActiveCfg = Release|Win32
		{EA34B501-E6B5-45D3-B233-9BB507FE16B9}.Release|x86.Build.0 = Release|Win32
		{A815B5B7-BBF4-4DC9-9388-D12AB01ECE20}.Debug|x64.ActiveCfg = Debug|x64
		{A815B5B7-BBF4-4DC9-9388-D12AB01ECE20}.Debug|x64.Build.0 = Debug|x64
		{A815B5B7-BBF4-4DC9-9388-D12AB01ECE20}.Debug|x86.ActiveCfg = Debug|Win32
		{A815B5B7-BBF4-4DC9-9388-D12AB01ECE20}.Debug|x86.Build.0 = Debug|Win32
		{A815B5B7-BBF4-4DC9-9388-D12AB01ECE20}.Release|x64.ActiveCfg = Release|x64
		{A815B5B7-BBF4-4DC9-9388-D12AB01ECE20}.Release|x64.Build.0 = Release|x64
		{A815B5B7-BBF4-4DC9-9388-D12AB01ECE20}.Release|x86.ActiveCfg = Release|Win32
		{A815B5B7-BBF4-4DC9-9388-D12AB01ECE20}.Release|x86.Build.0 = Release|Win32
		{4F1B6CD6-159D-4963-AA1C-03220F91DC8C}.Debug|x64.ActiveCfg = Debug|x64
		{4F1B6CD6-159D-4963-AA1C-03220F91DC8C}.Debug|x64.Build.0 = Debug|x64
		{4F1B6CD6-159D-4963-AA1C-03220F91DC8C}.Debug|x86.ActiveCfg = Debug|Win32
		{4F1B6CD6-159D-4963-AA1C-03220F91DC8C}.Debug|x86.Build.0 = Debug|Win32
		{4F1B6CD6-159D-4963-AA1C-03220F91DC8C}.Release|x64.ActiveCfg = Release|x64
		{4F1B6CD6-159D-4963-AA1C-03220F91DC8C}.Release|x64.Build.0 = Release|x64
		{4F1B6CD6-159D-4963-AA1C-03220F91DC8C}.Release|x86.ActiveCfg = Release|Win32
		{4F1B6CD6-159D-4963-AA1C-03220F91DC8C}.Release|x86.Build.0 = Release|Win32
		{DC615801-AB34-4A60-8178-BDC9A72998BF}.Debug|x64.ActiveCfg = Debug|x64
		{DC615801-AB34-4A60-8178-BDC9A72998BF}.Debug|x64.Build.0 = Debug|x64
		{DC615801-AB34-4A60-8178-BDC9A72998BF}.Debug|x86.ActiveCfg = Debug|Win32
		{DC615801-AB34-4A60-8178-BDC9A72998BF}.Debug|x86.Build.0 = Debug|Win32
		{DC615801-AB34-4A60-8178-BDC9A72998BF}.Release|x64.ActiveCfg = Release|x64
		{DC615801-AB34-4A60-8178-BDC9A72998BF}.Release|x64.Build.0 = Release|x64
		{DC615801-AB34-4A60-8178-BDC9A72998BF}.Release|x86.ActiveCfg = Release|Win32
		{DC615801-AB34-4A60-8178-BDC9A72998BF}.Release|x86.Build.0 = Release|Win32
		{4895763B-755F-49C4-A1A9-EC8B92DCDC98}.Debug|x64.ActiveCfg = Debug|x64
		{4895763B-755F-49C4-A1A9-EC8B92DCDC98}.Debug|x64.Build.0 = Debug|x64
		{4895763B-755F-49C4-A1A9-EC8B92DCDC98}.Debug|x86.ActiveCfg = Debug|Win32
		{4895763B-755F-49C4-A1A9-EC8B92DCDC98}.Debug|x86.Build.0 = Debug|Win32
		{4895763B-755F-49C4-A1A9-EC8B92DCDC98}.Release|x64.ActiveCfg = Release|x64
		{4895763B-755F-49C4-A1A9-EC8B92DCDC98}.Release|x64.Build.0 = Release|x64
		{4895763B-755F-49C4-A1A9-EC8B92DCDC98}.Release|x86.ActiveCfg = Release|Win32
		{4895763B-755F-49C4-A1A9-EC8B92DCDC98}.Release|x86.Build.0 = Release|Win32
		{7A1903A9-EBDE-4B84-80C6-99226B33C29D}.Debug|x64.ActiveCfg = Debug|x64
		{7A1903A9-EBDE-4B84-80C6-99226B33C29D}.Debug|x64.Build.0 = Debug|x64
		{7A1903A9-EBDE-4B84-80C6-99226B33C29D}.Debug|x86.ActiveCfg = Debug|Win32
		{7A1903A9-EBDE-4B84-80C6-99226B33C29D}.Debug|x86.Build.0 = Debug|Win32
		{7A1903A9-EBDE-4B84-80C6-99226B33C29D}.Release|x64.ActiveCfg = Release|x64
		{7A1903A9-EBDE-4B84-80C6-99226B33C29D}.Release|x64.Build.0 = Release|x64
		{7A1903A9-EBDE-4B84-80C6-99226B33C29D}.Release|x86.ActiveCfg = Release|Win32
		{7A1903A9-EBDE-4B84-80C6-99226B33C29D}.Release|x86.Build.0 = Release|Win32
	EndGlobalSection
	GlobalSection(SolutionProperties) = preSolution
		HideSolutionNode = FALSE
	EndGlobalSection
	GlobalSection(ExtensibilityGlobals) = postSolution
		SolutionGuid = {BB6DB5F4-0CB3-44AC-8B82-639E32C6C2F3}
	EndGlobalSection
EndGlobal
